
Microsoft Visual Studio Solution File, Format Version 12.00
# Visual Studio 14
VisualStudioVersion = 14.0.25420.1
MinimumVisualStudioVersion = 10.0.40219.1
Project("{8BC9CEB8-8B4A-11D0-8D11-00A0C91BC942}") = "test_app", "test_app\test_app.vcxproj", "{F8636827-00C7-484C-9F92-123F1C0FFCB5}"
	ProjectSection(ProjectDependencies) = postProject
		{FAA20F17-4113-41C7-A95B-C4CB199AFEB8} = {FAA20F17-4113-41C7-A95B-C4CB199AFEB8}
	EndProjectSection
EndProject
Project("{8BC9CEB8-8B4A-11D0-8D11-00A0C91BC942}") = "zlib", "zlib\zlib.vcxproj", "{847B53A6-F2EF-4F83-9E63-E246A4EFD969}"
EndProject
Project("{8BC9CEB8-8B4A-11D0-8D11-00A0C91BC942}") = "libpng", "libpng\libpng.vcxproj", "{DE3F7149-EBF6-4479-8781-35AF4B68B12A}"
	ProjectSection(ProjectDependencies) = postProject
		{847B53A6-F2EF-4F83-9E63-E246A4EFD969} = {847B53A6-F2EF-4F83-9E63-E246A4EFD969}
	EndProjectSection
EndProject
Project("{8BC9CEB8-8B4A-11D0-8D11-00A0C91BC942}") = "libjpeg", "libjpeg\libjpeg.vcxproj", "{44DBED96-C79A-4B0D-9B5E-48359CA39076}"
EndProject
Project("{8BC9CEB8-8B4A-11D0-8D11-00A0C91BC942}") = "libcurl", "libcurl\libcurl.vcxproj", "{44DBED96-C79A-4B0D-9B5E-48359CA39079}"
EndProject
Project("{8BC9CEB8-8B4A-11D0-8D11-00A0C91BC942}") = "libsaim", "libsaim\libsaim.vcxproj", "{FAA20F17-4113-41C7-A95B-C4CB199AFEB8}"
	ProjectSection(ProjectDependencies) = postProject
		{DE3F7149-EBF6-4479-8781-35AF4B68B12A} = {DE3F7149-EBF6-4479-8781-35AF4B68B12A}
		{44DBED96-C79A-4B0D-9B5E-48359CA39076} = {44DBED96-C79A-4B0D-9B5E-48359CA39076}
		{44DBED96-C79A-4B0D-9B5E-48359CA39079} = {44DBED96-C79A-4B0D-9B5E-48359CA39079}
	EndProjectSection
EndProject
Global
	GlobalSection(SolutionConfigurationPlatforms) = preSolution
		Debug|x64 = Debug|x64
		Debug|x86 = Debug|x86
		Release|x64 = Release|x64
		Release|x86 = Release|x86
	EndGlobalSection
	GlobalSection(ProjectConfigurationPlatforms) = postSolution
		{F8636827-00C7-484C-9F92-123F1C0FFCB5}.Debug|x64.ActiveCfg = Debug|x64
		{F8636827-00C7-484C-9F92-123F1C0FFCB5}.Debug|x64.Build.0 = Debug|x64
		{F8636827-00C7-484C-9F92-123F1C0FFCB5}.Debug|x86.ActiveCfg = Debug|Win32
		{F8636827-00C7-484C-9F92-123F1C0FFCB5}.Debug|x86.Build.0 = Debug|Win32
		{F8636827-00C7-484C-9F92-123F1C0FFCB5}.Release|x64.ActiveCfg = Release|x64
		{F8636827-00C7-484C-9F92-123F1C0FFCB5}.Release|x64.Build.0 = Release|x64
		{F8636827-00C7-484C-9F92-123F1C0FFCB5}.Release|x86.ActiveCfg = Release|Win32
		{F8636827-00C7-484C-9F92-123F1C0FFCB5}.Release|x86.Build.0 = Release|Win32
		{847B53A6-F2EF-4F83-9E63-E246A4EFD969}.Debug|x64.ActiveCfg = Debug|x64
		{847B53A6-F2EF-4F83-9E63-E246A4EFD969}.Debug|x64.Build.0 = Debug|x64
		{847B53A6-F2EF-4F83-9E63-E246A4EFD969}.Debug|x86.ActiveCfg = Debug|Win32
		{847B53A6-F2EF-4F83-9E63-E246A4EFD969}.Debug|x86.Build.0 = Debug|Win32
		{847B53A6-F2EF-4F83-9E63-E246A4EFD969}.Release|x64.ActiveCfg = Release|x64
		{847B53A6-F2EF-4F83-9E63-E246A4EFD969}.Release|x64.Build.0 = Release|x64
		{847B53A6-F2EF-4F83-9E63-E246A4EFD969}.Release|x86.ActiveCfg = Release|Win32
		{847B53A6-F2EF-4F83-9E63-E246A4EFD969}.Release|x86.Build.0 = Release|Win32
		{DE3F7149-EBF6-4479-8781-35AF4B68B12A}.Debug|x64.ActiveCfg = Debug|x64
		{DE3F7149-EBF6-4479-8781-35AF4B68B12A}.Debug|x64.Build.0 = Debug|x64
		{DE3F7149-EBF6-4479-8781-35AF4B68B12A}.Debug|x86.ActiveCfg = Debug|Win32
		{DE3F7149-EBF6-4479-8781-35AF4B68B12A}.Debug|x86.Build.0 = Debug|Win32
		{DE3F7149-EBF6-4479-8781-35AF4B68B12A}.Release|x64.ActiveCfg = Release|x64
		{DE3F7149-EBF6-4479-8781-35AF4B68B12A}.Release|x64.Build.0 = Release|x64
		{DE3F7149-EBF6-4479-8781-35AF4B68B12A}.Release|x86.ActiveCfg = Release|Win32
		{DE3F7149-EBF6-4479-8781-35AF4B68B12A}.Release|x86.Build.0 = Release|Win32
		{44DBED96-C79A-4B0D-9B5E-48359CA39076}.Debug|x64.ActiveCfg = Debug|x64
		{44DBED96-C79A-4B0D-9B5E-48359CA39076}.Debug|x64.Build.0 = Debug|x64
		{44DBED96-C79A-4B0D-9B5E-48359CA39076}.Debug|x86.ActiveCfg = Debug|Win32
		{44DBED96-C79A-4B0D-9B5E-48359CA39076}.Debug|x86.Build.0 = Debug|Win32
		{44DBED96-C79A-4B0D-9B5E-48359CA39076}.Release|x64.ActiveCfg = Release|x64
		{44DBED96-C79A-4B0D-9B5E-48359CA39076}.Release|x64.Build.0 = Release|x64
		{44DBED96-C79A-4B0D-9B5E-48359CA39076}.Release|x86.ActiveCfg = Release|Win32
		{44DBED96-C79A-4B0D-9B5E-48359CA39076}.Release|x86.Build.0 = Release|Win32
		{44DBED96-C79A-4B0D-9B5E-48359CA39079}.Debug|x64.ActiveCfg = Debug|x64
		{44DBED96-C79A-4B0D-9B5E-48359CA39079}.Debug|x64.Build.0 = Debug|x64
		{44DBED96-C79A-4B0D-9B5E-48359CA39079}.Debug|x86.ActiveCfg = Debug|Win32
		{44DBED96-C79A-4B0D-9B5E-48359CA39079}.Debug|x86.Build.0 = Debug|Win32
		{44DBED96-C79A-4B0D-9B5E-48359CA39079}.Release|x64.ActiveCfg = Release|x64
		{44DBED96-C79A-4B0D-9B5E-48359CA39079}.Release|x64.Build.0 = Release|x64
		{44DBED96-C79A-4B0D-9B5E-48359CA39079}.Release|x86.ActiveCfg = Release|Win32
		{44DBED96-C79A-4B0D-9B5E-48359CA39079}.Release|x86.Build.0 = Release|Win32
		{FAA20F17-4113-41C7-A95B-C4CB199AFEB8}.Debug|x64.ActiveCfg = Debug|x64
		{FAA20F17-4113-41C7-A95B-C4CB199AFEB8}.Debug|x64.Build.0 = Debug|x64
		{FAA20F17-4113-41C7-A95B-C4CB199AFEB8}.Debug|x86.ActiveCfg = Debug|Win32
		{FAA20F17-4113-41C7-A95B-C4CB199AFEB8}.Debug|x86.Build.0 = Debug|Win32
		{FAA20F17-4113-41C7-A95B-C4CB199AFEB8}.Release|x64.ActiveCfg = Release|x64
		{FAA20F17-4113-41C7-A95B-C4CB199AFEB8}.Release|x64.Build.0 = Release|x64
		{FAA20F17-4113-41C7-A95B-C4CB199AFEB8}.Release|x86.ActiveCfg = Release|Win32
		{FAA20F17-4113-41C7-A95B-C4CB199AFEB8}.Release|x86.Build.0 = Release|Win32
	EndGlobalSection
	GlobalSection(SolutionProperties) = preSolution
		HideSolutionNode = FALSE
	EndGlobalSection
EndGlobal
